
Microsoft Visual Studio Solution File, Format Version 12.00
# Visual Studio Version 17
VisualStudioVersion = 17.11.35327.3
MinimumVisualStudioVersion = 10.0.40219.1
Project("{9A19103F-16F7-4668-BE54-9A1E7A4F7556}") = "WPF_Challenge", "WPF_Challenge.csproj", "{26D49049-74A7-4413-8F86-063E3863A27D}"
EndProject
Global
	GlobalSection(SolutionConfigurationPlatforms) = preSolution
		Debug|Any CPU = Debug|Any CPU
		Release|Any CPU = Release|Any CPU
	EndGlobalSection
	GlobalSection(ProjectConfigurationPlatforms) = postSolution
		{26D49049-74A7-4413-8F86-063E3863A27D}.Debug|Any CPU.ActiveCfg = Debug|Any CPU
		{26D49049-74A7-4413-8F86-063E3863A27D}.Debug|Any CPU.Build.0 = Debug|Any CPU
		{26D49049-74A7-4413-8F86-063E3863A27D}.Release|Any CPU.ActiveCfg = Release|Any CPU
		{26D49049-74A7-4413-8F86-063E3863A27D}.Release|Any CPU.Build.0 = Release|Any CPU
	EndGlobalSection
	GlobalSection(SolutionProperties) = preSolution
		HideSolutionNode = FALSE
	EndGlobalSection
	GlobalSection(ExtensibilityGlobals) = postSolution
		SolutionGuid = {42062CAF-F390-4C25-8C5A-C328ED05E2B4}
	EndGlobalSection
EndGlobal
